
Microsoft Visual Studio Solution File, Format Version 12.00
# Visual Studio Version 17
VisualStudioVersion = 17.5.002.0
MinimumVisualStudioVersion = 10.0.40219.1
Project("{9A19103F-16F7-4668-BE54-9A1E7A4F7556}") = "Stopwatch", "Stopwatch.csproj", "{B4910217-79BB-4EEF-822A-31C228BF197F}"
EndProject
Global
	GlobalSection(SolutionConfigurationPlatforms) = preSolution
		Debug|Any CPU = Debug|Any CPU
		Release|Any CPU = Release|Any CPU
	EndGlobalSection
	GlobalSection(ProjectConfigurationPlatforms) = postSolution
		{B4910217-79BB-4EEF-822A-31C228BF197F}.Debug|Any CPU.ActiveCfg = Debug|Any CPU
		{B4910217-79BB-4EEF-822A-31C228BF197F}.Debug|Any CPU.Build.0 = Debug|Any CPU
		{B4910217-79BB-4EEF-822A-31C228BF197F}.Release|Any CPU.ActiveCfg = Release|Any CPU
		{B4910217-79BB-4EEF-822A-31C228BF197F}.Release|Any CPU.Build.0 = Release|Any CPU
	EndGlobalSection
	GlobalSection(SolutionProperties) = preSolution
		HideSolutionNode = FALSE
	EndGlobalSection
	GlobalSection(ExtensibilityGlobals) = postSolution
		SolutionGuid = {B746BA63-BB25-4A3D-B598-E9D7F5D0CEAE}
	EndGlobalSection
EndGlobal
